
Microsoft Visual Studio Solution File, Format Version 12.00
# Visual Studio Version 17
VisualStudioVersion = 17.10.35013.160
MinimumVisualStudioVersion = 10.0.40219.1
Project("{FAE04EC0-301F-11D3-BF4B-00C04F79EFBC}") = "eph_tasks_1-10", "eph_tasks_1-10\eph_tasks_1-10.csproj", "{7CD94A36-827E-4AD5-A104-3E657829EC92}"
EndProject
Global
	GlobalSection(SolutionConfigurationPlatforms) = preSolution
		Debug|Any CPU = Debug|Any CPU
		Release|Any CPU = Release|Any CPU
	EndGlobalSection
	GlobalSection(ProjectConfigurationPlatforms) = postSolution
		{7CD94A36-827E-4AD5-A104-3E657829EC92}.Debug|Any CPU.ActiveCfg = Debug|Any CPU
		{7CD94A36-827E-4AD5-A104-3E657829EC92}.Debug|Any CPU.Build.0 = Debug|Any CPU
		{7CD94A36-827E-4AD5-A104-3E657829EC92}.Release|Any CPU.ActiveCfg = Release|Any CPU
		{7CD94A36-827E-4AD5-A104-3E657829EC92}.Release|Any CPU.Build.0 = Release|Any CPU
	EndGlobalSection
	GlobalSection(SolutionProperties) = preSolution
		HideSolutionNode = FALSE
	EndGlobalSection
	GlobalSection(ExtensibilityGlobals) = postSolution
		SolutionGuid = {90781FD3-9880-4FB8-8675-9313EF01B16F}
	EndGlobalSection
EndGlobal
